{
  "name": "routing-compose",
  "version": "unspecified",
  "lockfileVersion": 3,
  "requires": true,
  "packages": {
    "": {
      "name": "routing-compose",
      "version": "unspecified",
      "workspaces": [
        "packages/routing-compose",
        "packages/routing-compose-test",
        "packages/routing-compose-integrationTest",
        "packages/routing-compose-integrationTest-test",
        "packages_imported/skiko-wasm-js/0.9.22-2",
        "packages_imported/skiko-js-wasm-runtime/0.9.22-2"
      ],
      "devDependencies": {}
    },
    "node_modules/routing-compose": {
      "resolved": "packages/routing-compose",
      "link": true
    },
    "node_modules/routing-compose-integrationTest": {
      "resolved": "packages/routing-compose-integrationTest",
      "link": true
    },
    "node_modules/routing-compose-integrationTest-test": {
      "resolved": "packages/routing-compose-integrationTest-test",
      "link": true
    },
    "node_modules/routing-compose-test": {
      "resolved": "packages/routing-compose-test",
      "link": true
    },
    "node_modules/skiko-js-wasm-runtime": {
      "resolved": "packages_imported/skiko-js-wasm-runtime/0.9.22-2",
      "link": true
    },
    "node_modules/skiko-wasm-js": {
      "resolved": "packages_imported/skiko-wasm-js/0.9.22-2",
      "link": true
    },
    "packages_imported/skiko-js-wasm-runtime/0.9.22-2": {
      "name": "skiko-js-wasm-runtime",
      "version": "0.9.22-2",
      "devDependencies": {}
    },
    "packages_imported/skiko-wasm-js/0.9.22-2": {
      "name": "skiko-wasm-js",
      "version": "0.9.22-2",
      "devDependencies": {}
    },
    "packages/routing-compose": {
      "version": "0.0.0-unspecified",
      "devDependencies": {}
    },
    "packages/routing-compose-integrationTest": {
      "version": "0.0.0-unspecified",
      "devDependencies": {}
    },
    "packages/routing-compose-integrationTest-test": {
      "version": "0.0.0-unspecified",
      "devDependencies": {}
    },
    "packages/routing-compose-test": {
      "version": "0.0.0-unspecified",
      "devDependencies": {}
    }
  }
}
